
Microsoft Visual Studio Solution File, Format Version 12.00
# Visual Studio 2013
VisualStudioVersion = 12.0.31101.0
MinimumVisualStudioVersion = 10.0.40219.1
Project("{2150E333-8FDC-42A3-9474-1A3956D46DE8}") = "plural", "plural", "{AD366E5C-0D4E-48AB-9481-FCBE1AF04518}"
EndProject
Project("{2150E333-8FDC-42A3-9474-1A3956D46DE8}") = "safari", "safari", "{FCFDC2EA-2459-4321-88A5-B6DE2629BF79}"
EndProject
Project("{2150E333-8FDC-42A3-9474-1A3956D46DE8}") = "common", "common", "{F87AF4F3-F0B9-4B03-8F0B-71D52FE906F5}"
EndProject
Project("{FAE04EC0-301F-11D3-BF4B-00C04F79EFBC}") = "Lib", "..\common\Lib\Lib.csproj", "{BC981F4A-D792-4CC0-BB9B-1BE62B8CB0E9}"
EndProject
Project("{2150E333-8FDC-42A3-9474-1A3956D46DE8}") = "web", "web", "{0A794402-3238-49D5-99DA-8E9B5A84EFB0}"
EndProject
Project("{2150E333-8FDC-42A3-9474-1A3956D46DE8}") = "web", "web", "{C6604FAF-6A94-40AA-A536-1667EE51C5C3}"
EndProject
Project("{2150E333-8FDC-42A3-9474-1A3956D46DE8}") = "console", "console", "{D481A051-01D9-4C6F-B662-52231B8C8DDB}"
EndProject
Project("{2150E333-8FDC-42A3-9474-1A3956D46DE8}") = "console", "console", "{0FD36112-9F40-4C33-B5C7-DB2C12D06571}"
EndProject
Project("{FAE04EC0-301F-11D3-BF4B-00C04F79EFBC}") = "PluralsightDownloader.Web", "..\plural\web\PluralsightDownloader.Web.csproj", "{329B849B-2492-43E4-917C-93563EFFB637}"
EndProject
Project("{FAE04EC0-301F-11D3-BF4B-00C04F79EFBC}") = "Consol.Safari", "..\safari\Consol.Safari\Consol.Safari.csproj", "{0AF3154D-310D-4F3B-8D6F-55CB2174D2B1}"
EndProject
Project("{FAE04EC0-301F-11D3-BF4B-00C04F79EFBC}") = "ConsoleApp.Plural", "..\plural\ConsoleApp.Plural\ConsoleApp.Plural.csproj", "{F4F0552C-3C18-41D0-8F40-8BBE893469A0}"
EndProject
Project("{FAE04EC0-301F-11D3-BF4B-00C04F79EFBC}") = "WebApp.Safari", "..\safari\WebApp.Safari\WebApp.Safari.csproj", "{AE269371-CF1A-4888-9EAD-7285E2FB33EE}"
EndProject
Project("{2150E333-8FDC-42A3-9474-1A3956D46DE8}") = "config", "config", "{693C1F26-89CD-481E-87C7-825721DEC43F}"
	ProjectSection(SolutionItems) = preProject
		..\..\..\_app_downloader\config\common.json = ..\..\..\_app_downloader\config\common.json
		..\..\..\_app_downloader\config\ConsoleApp.Plural.json = ..\..\..\_app_downloader\config\ConsoleApp.Plural.json
	EndProjectSection
EndProject
Global
	GlobalSection(SolutionConfigurationPlatforms) = preSolution
		Debug|Any CPU = Debug|Any CPU
		Release|Any CPU = Release|Any CPU
	EndGlobalSection
	GlobalSection(ProjectConfigurationPlatforms) = postSolution
		{BC981F4A-D792-4CC0-BB9B-1BE62B8CB0E9}.Debug|Any CPU.ActiveCfg = Debug|Any CPU
		{BC981F4A-D792-4CC0-BB9B-1BE62B8CB0E9}.Debug|Any CPU.Build.0 = Debug|Any CPU
		{BC981F4A-D792-4CC0-BB9B-1BE62B8CB0E9}.Release|Any CPU.ActiveCfg = Release|Any CPU
		{BC981F4A-D792-4CC0-BB9B-1BE62B8CB0E9}.Release|Any CPU.Build.0 = Release|Any CPU
		{329B849B-2492-43E4-917C-93563EFFB637}.Debug|Any CPU.ActiveCfg = Debug|Any CPU
		{329B849B-2492-43E4-917C-93563EFFB637}.Debug|Any CPU.Build.0 = Debug|Any CPU
		{329B849B-2492-43E4-917C-93563EFFB637}.Release|Any CPU.ActiveCfg = Release|Any CPU
		{329B849B-2492-43E4-917C-93563EFFB637}.Release|Any CPU.Build.0 = Release|Any CPU
		{0AF3154D-310D-4F3B-8D6F-55CB2174D2B1}.Debug|Any CPU.ActiveCfg = Debug|Any CPU
		{0AF3154D-310D-4F3B-8D6F-55CB2174D2B1}.Debug|Any CPU.Build.0 = Debug|Any CPU
		{0AF3154D-310D-4F3B-8D6F-55CB2174D2B1}.Release|Any CPU.ActiveCfg = Release|Any CPU
		{0AF3154D-310D-4F3B-8D6F-55CB2174D2B1}.Release|Any CPU.Build.0 = Release|Any CPU
		{F4F0552C-3C18-41D0-8F40-8BBE893469A0}.Debug|Any CPU.ActiveCfg = Debug|Any CPU
		{F4F0552C-3C18-41D0-8F40-8BBE893469A0}.Debug|Any CPU.Build.0 = Debug|Any CPU
		{F4F0552C-3C18-41D0-8F40-8BBE893469A0}.Release|Any CPU.ActiveCfg = Release|Any CPU
		{F4F0552C-3C18-41D0-8F40-8BBE893469A0}.Release|Any CPU.Build.0 = Release|Any CPU
		{AE269371-CF1A-4888-9EAD-7285E2FB33EE}.Debug|Any CPU.ActiveCfg = Debug|Any CPU
		{AE269371-CF1A-4888-9EAD-7285E2FB33EE}.Debug|Any CPU.Build.0 = Debug|Any CPU
		{AE269371-CF1A-4888-9EAD-7285E2FB33EE}.Release|Any CPU.ActiveCfg = Release|Any CPU
		{AE269371-CF1A-4888-9EAD-7285E2FB33EE}.Release|Any CPU.Build.0 = Release|Any CPU
	EndGlobalSection
	GlobalSection(SolutionProperties) = preSolution
		HideSolutionNode = FALSE
	EndGlobalSection
	GlobalSection(NestedProjects) = preSolution
		{BC981F4A-D792-4CC0-BB9B-1BE62B8CB0E9} = {F87AF4F3-F0B9-4B03-8F0B-71D52FE906F5}
		{0A794402-3238-49D5-99DA-8E9B5A84EFB0} = {AD366E5C-0D4E-48AB-9481-FCBE1AF04518}
		{C6604FAF-6A94-40AA-A536-1667EE51C5C3} = {FCFDC2EA-2459-4321-88A5-B6DE2629BF79}
		{D481A051-01D9-4C6F-B662-52231B8C8DDB} = {AD366E5C-0D4E-48AB-9481-FCBE1AF04518}
		{0FD36112-9F40-4C33-B5C7-DB2C12D06571} = {FCFDC2EA-2459-4321-88A5-B6DE2629BF79}
		{329B849B-2492-43E4-917C-93563EFFB637} = {0A794402-3238-49D5-99DA-8E9B5A84EFB0}
		{0AF3154D-310D-4F3B-8D6F-55CB2174D2B1} = {0FD36112-9F40-4C33-B5C7-DB2C12D06571}
		{F4F0552C-3C18-41D0-8F40-8BBE893469A0} = {D481A051-01D9-4C6F-B662-52231B8C8DDB}
		{AE269371-CF1A-4888-9EAD-7285E2FB33EE} = {C6604FAF-6A94-40AA-A536-1667EE51C5C3}
	EndGlobalSection
EndGlobal
